
Microsoft Visual Studio Solution File, Format Version 12.00
# Visual Studio Version 16
VisualStudioVersion = 16.0.30503.244
MinimumVisualStudioVersion = 10.0.40219.1
Project("{FAE04EC0-301F-11D3-BF4B-00C04F79EFBC}") = "PraxAirExtractV3", "PraxAirExtractV3\PraxAirExtractV3.csproj", "{474F3A97-43A9-4C8E-86BF-C6305497D77E}"
EndProject
Global
	GlobalSection(SolutionConfigurationPlatforms) = preSolution
		Debug|Any CPU = Debug|Any CPU
		Release|Any CPU = Release|Any CPU
	EndGlobalSection
	GlobalSection(ProjectConfigurationPlatforms) = postSolution
		{474F3A97-43A9-4C8E-86BF-C6305497D77E}.Debug|Any CPU.ActiveCfg = Debug|Any CPU
		{474F3A97-43A9-4C8E-86BF-C6305497D77E}.Debug|Any CPU.Build.0 = Debug|Any CPU
		{474F3A97-43A9-4C8E-86BF-C6305497D77E}.Release|Any CPU.ActiveCfg = Release|Any CPU
		{474F3A97-43A9-4C8E-86BF-C6305497D77E}.Release|Any CPU.Build.0 = Release|Any CPU
	EndGlobalSection
	GlobalSection(SolutionProperties) = preSolution
		HideSolutionNode = FALSE
	EndGlobalSection
	GlobalSection(ExtensibilityGlobals) = postSolution
		SolutionGuid = {F7275900-5344-4346-A1CC-26F3B7BCCACF}
	EndGlobalSection
EndGlobal
